
Microsoft Visual Studio Solution File, Format Version 12.00
# Visual Studio 14
VisualStudioVersion = 14.0.25123.0
MinimumVisualStudioVersion = 10.0.40219.1
Project("{FAE04EC0-301F-11D3-BF4B-00C04F79EFBC}") = "Enrollment.v3", "Enrollment.v3\Enrollment.v3.csproj", "{A9ACD4D0-E418-4C16-A7DB-9CF8035C8145}"
EndProject
Project("{FAE04EC0-301F-11D3-BF4B-00C04F79EFBC}") = "SwingWERX", "D:\DevBox\SwingWERX\SwingWERX\SwingWERX.csproj", "{2E499785-60E7-48C9-A67F-E6DC9D2845CE}"
EndProject
Global
	GlobalSection(SolutionConfigurationPlatforms) = preSolution
		Debug|Any CPU = Debug|Any CPU
		Release|Any CPU = Release|Any CPU
	EndGlobalSection
	GlobalSection(ProjectConfigurationPlatforms) = postSolution
		{A9ACD4D0-E418-4C16-A7DB-9CF8035C8145}.Debug|Any CPU.ActiveCfg = Debug|Any CPU
		{A9ACD4D0-E418-4C16-A7DB-9CF8035C8145}.Debug|Any CPU.Build.0 = Debug|Any CPU
		{A9ACD4D0-E418-4C16-A7DB-9CF8035C8145}.Release|Any CPU.ActiveCfg = Release|Any CPU
		{A9ACD4D0-E418-4C16-A7DB-9CF8035C8145}.Release|Any CPU.Build.0 = Release|Any CPU
		{2E499785-60E7-48C9-A67F-E6DC9D2845CE}.Debug|Any CPU.ActiveCfg = Debug|Any CPU
		{2E499785-60E7-48C9-A67F-E6DC9D2845CE}.Debug|Any CPU.Build.0 = Debug|Any CPU
		{2E499785-60E7-48C9-A67F-E6DC9D2845CE}.Release|Any CPU.ActiveCfg = Release|Any CPU
		{2E499785-60E7-48C9-A67F-E6DC9D2845CE}.Release|Any CPU.Build.0 = Release|Any CPU
	EndGlobalSection
	GlobalSection(SolutionProperties) = preSolution
		HideSolutionNode = FALSE
	EndGlobalSection
EndGlobal
